
Microsoft Visual Studio Solution File, Format Version 12.00
# Visual Studio Version 16
VisualStudioVersion = 16.0.28606.126
MinimumVisualStudioVersion = 10.0.40219.1
Project("{FAE04EC0-301F-11D3-BF4B-00C04F79EFBC}") = "BlazorLoading.Server", "BlazorLoading.Server\BlazorLoading.Server.csproj", "{DE8CD952-BA0A-4070-85B3-6805A201772A}"
EndProject
Project("{FAE04EC0-301F-11D3-BF4B-00C04F79EFBC}") = "BlazorLoading.Client", "BlazorLoading.Client\BlazorLoading.Client.csproj", "{C2417D2E-6A8D-4F8F-823E-BC70D6000B58}"
EndProject
Project("{FAE04EC0-301F-11D3-BF4B-00C04F79EFBC}") = "BlazorLoading.Shared", "BlazorLoading.Shared\BlazorLoading.Shared.csproj", "{F779A24B-D8A1-4C30-8D69-9DBC1E4A5A53}"
EndProject
Project("{FAE04EC0-301F-11D3-BF4B-00C04F79EFBC}") = "BlazorLoading.ExternalLib", "BlazorLoading.ExternalLib\BlazorLoading.ExternalLib.csproj", "{AFD4271A-6C02-44E1-AED5-2654B2B47CA7}"
EndProject
Global
	GlobalSection(SolutionConfigurationPlatforms) = preSolution
		Debug|Any CPU = Debug|Any CPU
		Release|Any CPU = Release|Any CPU
	EndGlobalSection
	GlobalSection(ProjectConfigurationPlatforms) = postSolution
		{DE8CD952-BA0A-4070-85B3-6805A201772A}.Debug|Any CPU.ActiveCfg = Debug|Any CPU
		{DE8CD952-BA0A-4070-85B3-6805A201772A}.Debug|Any CPU.Build.0 = Debug|Any CPU
		{DE8CD952-BA0A-4070-85B3-6805A201772A}.Release|Any CPU.ActiveCfg = Release|Any CPU
		{DE8CD952-BA0A-4070-85B3-6805A201772A}.Release|Any CPU.Build.0 = Release|Any CPU
		{C2417D2E-6A8D-4F8F-823E-BC70D6000B58}.Debug|Any CPU.ActiveCfg = Debug|Any CPU
		{C2417D2E-6A8D-4F8F-823E-BC70D6000B58}.Debug|Any CPU.Build.0 = Debug|Any CPU
		{C2417D2E-6A8D-4F8F-823E-BC70D6000B58}.Release|Any CPU.ActiveCfg = Release|Any CPU
		{C2417D2E-6A8D-4F8F-823E-BC70D6000B58}.Release|Any CPU.Build.0 = Release|Any CPU
		{F779A24B-D8A1-4C30-8D69-9DBC1E4A5A53}.Debug|Any CPU.ActiveCfg = Debug|Any CPU
		{F779A24B-D8A1-4C30-8D69-9DBC1E4A5A53}.Debug|Any CPU.Build.0 = Debug|Any CPU
		{F779A24B-D8A1-4C30-8D69-9DBC1E4A5A53}.Release|Any CPU.ActiveCfg = Release|Any CPU
		{F779A24B-D8A1-4C30-8D69-9DBC1E4A5A53}.Release|Any CPU.Build.0 = Release|Any CPU
		{AFD4271A-6C02-44E1-AED5-2654B2B47CA7}.Debug|Any CPU.ActiveCfg = Debug|Any CPU
		{AFD4271A-6C02-44E1-AED5-2654B2B47CA7}.Debug|Any CPU.Build.0 = Debug|Any CPU
		{AFD4271A-6C02-44E1-AED5-2654B2B47CA7}.Release|Any CPU.ActiveCfg = Release|Any CPU
		{AFD4271A-6C02-44E1-AED5-2654B2B47CA7}.Release|Any CPU.Build.0 = Release|Any CPU
	EndGlobalSection
	GlobalSection(SolutionProperties) = preSolution
		HideSolutionNode = FALSE
	EndGlobalSection
	GlobalSection(ExtensibilityGlobals) = postSolution
		SolutionGuid = {C950CD38-09DF-4113-BCD4-24D4F1C3C067}
	EndGlobalSection
EndGlobal
